{
  "name": "md-studies",
  "lockfileVersion": 3,
  "requires": true,
  "packages": {
    "": {
      "workspaces": [
        "packages/kanji-study"
      ]
    },
    "node_modules/kanji-study": {
      "resolved": "packages/kanji-study",
      "link": true
    },
    "packages/kanji-study": {
      "version": "1.0.0",
      "license": "ISC"
    }
  }
}
